// !$*UTF8*$!
{
	archiveVersion = 1;
	classes = {
	};
	objectVersion = 55;
	objects = {

/* Begin PBXBuildFile section */
		298FEF6B28A26540007F61E1 /* AppDelegate.swift in Sources */ = {isa = PBXBuildFile; fileRef = 298FEF6A28A26540007F61E1 /* AppDelegate.swift */; };
		298FEF6D28A26540007F61E1 /* SceneDelegate.swift in Sources */ = {isa = PBXBuildFile; fileRef = 298FEF6C28A26540007F61E1 /* SceneDelegate.swift */; };
		298FEF6F28A26540007F61E1 /* ViewController.swift in Sources */ = {isa = PBXBuildFile; fileRef = 298FEF6E28A26540007F61E1 /* ViewController.swift */; };
		298FEF7228A26540007F61E1 /* Main.storyboard in Resources */ = {isa = PBXBuildFile; fileRef = 298FEF7028A26540007F61E1 /* Main.storyboard */; };
		298FEF7428A26542007F61E1 /* Assets.xcassets in Resources */ = {isa = PBXBuildFile; fileRef = 298FEF7328A26542007F61E1 /* Assets.xcassets */; };
		298FEF7728A26542007F61E1 /* LaunchScreen.storyboard in Resources */ = {isa = PBXBuildFile; fileRef = 298FEF7528A26542007F61E1 /* LaunchScreen.storyboard */; };
		298FEF8228A26543007F61E1 /* preworkTests.swift in Sources */ = {isa = PBXBuildFile; fileRef = 298FEF8128A26543007F61E1 /* preworkTests.swift */; };
		298FEF8C28A26543007F61E1 /* preworkUITests.swift in Sources */ = {isa = PBXBuildFile; fileRef = 298FEF8B28A26543007F61E1 /* preworkUITests.swift */; };
		298FEF8E28A26543007F61E1 /* preworkUITestsLaunchTests.swift in Sources */ = {isa = PBXBuildFile; fileRef = 298FEF8D28A26543007F61E1 /* preworkUITestsLaunchTests.swift */; };
/* End PBXBuildFile section */

/* Begin PBXContainerItemProxy section */
		298FEF7E28A26543007F61E1 /* PBXContainerItemProxy */ = {
			isa = PBXContainerItemProxy;
			containerPortal = 298FEF5F28A26540007F61E1 /* Project object */;
			proxyType = 1;
			remoteGlobalIDString = 298FEF6628A26540007F61E1;
			remoteInfo = prework;
		};
		298FEF8828A26543007F61E1 /* PBXContainerItemProxy */ = {
			isa = PBXContainerItemProxy;
			containerPortal = 298FEF5F28A26540007F61E1 /* Project object */;
			proxyType = 1;
			remoteGlobalIDString = 298FEF6628A26540007F61E1;
			remoteInfo = prework;
		};
/* End PBXContainerItemProxy section */

/* Begin PBXFileReference section */
		298FEF6728A26540007F61E1 /* prework.app */ = {isa = PBXFileReference; explicitFileType = wrapper.application; includeInIndex = 0; path = prework.app; sourceTree = BUILT_PRODUCTS_DIR; };
		298FEF6A28A26540007F61E1 /* AppDelegate.swift */ = {isa = PBXFileReference; lastKnownFileType = sourcecode.swift; path = AppDelegate.swift; sourceTree = "<group>"; };
		298FEF6C28A26540007F61E1 /* SceneDelegate.swift */ = {isa = PBXFileReference; lastKnownFileType = sourcecode.swift; path = SceneDelegate.swift; sourceTree = "<group>"; };
		298FEF6E28A26540007F61E1 /* ViewController.swift */ = {isa = PBXFileReference; lastKnownFileType = sourcecode.swift; path = ViewController.swift; sourceTree = "<group>"; };
		298FEF7128A26540007F61E1 /* Base */ = {isa = PBXFileReference; lastKnownFileType = file.storyboard; name = Base; path = Base.lproj/Main.storyboard; sourceTree = "<group>"; };
		298FEF7328A26542007F61E1 /* Assets.xcassets */ = {isa = PBXFileReference; lastKnownFileType = folder.assetcatalog; path = Assets.xcassets; sourceTree = "<group>"; };
		298FEF7628A26542007F61E1 /* Base */ = {isa = PBXFileReference; lastKnownFileType = file.storyboard; name = Base; path = Base.lproj/LaunchScreen.storyboard; sourceTree = "<group>"; };
		298FEF7828A26542007F61E1 /* Info.plist */ = {isa = PBXFileReference; lastKnownFileType = text.plist.xml; path = Info.plist; sourceTree = "<group>"; };
		298FEF7D28A26543007F61E1 /* preworkTests.xctest */ = {isa = PBXFileReference; explicitFileType = wrapper.cfbundle; includeInIndex = 0; path = preworkTests.xctest; sourceTree = BUILT_PRODUCTS_DIR; };
		298FEF8128A26543007F61E1 /* preworkTests.swift */ = {isa = PBXFileReference; lastKnownFileType = sourcecode.swift; path = preworkTests.swift; sourceTree = "<group>"; };
		298FEF8728A26543007F61E1 /* preworkUITests.xctest */ = {isa = PBXFileReference; explicitFileType = wrapper.cfbundle; includeInIndex = 0; path = preworkUITests.xctest; sourceTree = BUILT_PRODUCTS_DIR; };
		298FEF8B28A26543007F61E1 /* preworkUITests.swift */ = {isa = PBXFileReference; lastKnownFileType = sourcecode.swift; path = preworkUITests.swift; sourceTree = "<group>"; };
		298FEF8D28A26543007F61E1 /* preworkUITestsLaunchTests.swift */ = {isa = PBXFileReference; lastKnownFileType = sourcecode.swift; path = preworkUITestsLaunchTests.swift; sourceTree = "<group>"; };
		298FEF9A28A274DE007F61E1 /* Readme.md */ = {isa = PBXFileReference; lastKnownFileType = net.daringfireball.markdown; path = Readme.md; sourceTree = "<group>"; };
/* End PBXFileReference section */

/* Begin PBXFrameworksBuildPhase section */
		298FEF6428A26540007F61E1 /* Frameworks */ = {
			isa = PBXFrameworksBuildPhase;
			buildActionMask = 2147483647;
			files = (
			);
			runOnlyForDeploymentPostprocessing = 0;
		};
		298FEF7A28A26543007F61E1 /* Frameworks */ = {
			isa = PBXFrameworksBuildPhase;
			buildActionMask = 2147483647;
			files = (
			);
			runOnlyForDeploymentPostprocessing = 0;
		};
		298FEF8428A26543007F61E1 /* Frameworks */ = {
			isa = PBXFrameworksBuildPhase;
			buildActionMask = 2147483647;
			files = (
			);
			runOnlyForDeploymentPostprocessing = 0;
		};
/* End PBXFrameworksBuildPhase section */

/* Begin PBXGroup section */
		298FEF5E28A26540007F61E1 = {
			isa = PBXGroup;
			children = (
				298FEF6928A26540007F61E1 /* prework */,
				298FEF8028A26543007F61E1 /* preworkTests */,
				298FEF8A28A26543007F61E1 /* preworkUITests */,
				298FEF6828A26540007F61E1 /* Products */,
			);
			sourceTree = "<group>";
		};
		298FEF6828A26540007F61E1 /* Products */ = {
			isa = PBXGroup;
			children = (
				298FEF6728A26540007F61E1 /* prework.app */,
				298FEF7D28A26543007F61E1 /* preworkTests.xctest */,
				298FEF8728A26543007F61E1 /* preworkUITests.xctest */,
			);
			name = Products;
			sourceTree = "<group>";
		};
		298FEF6928A26540007F61E1 /* prework */ = {
			isa = PBXGroup;
			children = (
				298FEF6A28A26540007F61E1 /* AppDelegate.swift */,
				298FEF6C28A26540007F61E1 /* SceneDelegate.swift */,
				298FEF6E28A26540007F61E1 /* ViewController.swift */,
				298FEF7028A26540007F61E1 /* Main.storyboard */,
				298FEF9A28A274DE007F61E1 /* Readme.md */,
				298FEF7328A26542007F61E1 /* Assets.xcassets */,
				298FEF7528A26542007F61E1 /* LaunchScreen.storyboard */,
				298FEF7828A26542007F61E1 /* Info.plist */,
			);
			path = prework;
			sourceTree = "<group>";
		};
		298FEF8028A26543007F61E1 /* preworkTests */ = {
			isa = PBXGroup;
			children = (
				298FEF8128A26543007F61E1 /* preworkTests.swift */,
			);
			path = preworkTests;
			sourceTree = "<group>";
		};
		298FEF8A28A26543007F61E1 /* preworkUITests */ = {
			isa = PBXGroup;
			children = (
				298FEF8B28A26543007F61E1 /* preworkUITests.swift */,
				298FEF8D28A26543007F61E1 /* preworkUITestsLaunchTests.swift */,
			);
			path = preworkUITests;
			sourceTree = "<group>";
		};
/* End PBXGroup section */

/* Begin PBXNativeTarget section */
		298FEF6628A26540007F61E1 /* prework */ = {
			isa = PBXNativeTarget;
			buildConfigurationList = 298FEF9128A26543007F61E1 /* Build configuration list for PBXNativeTarget "prework" */;
			buildPhases = (
				298FEF6328A26540007F61E1 /* Sources */,
				298FEF6428A26540007F61E1 /* Frameworks */,
				298FEF6528A26540007F61E1 /* Resources */,
			);
			buildRules = (
			);
			dependencies = (
			);
			name = prework;
			productName = prework;
			productReference = 298FEF6728A26540007F61E1 /* prework.app */;
			productType = "com.apple.product-type.application";
		};
		298FEF7C28A26543007F61E1 /* preworkTests */ = {
			isa = PBXNativeTarget;
			buildConfigurationList = 298FEF9428A26543007F61E1 /* Build configuration list for PBXNativeTarget "preworkTests" */;
			buildPhases = (
				298FEF7928A26543007F61E1 /* Sources */,
				298FEF7A28A26543007F61E1 /* Frameworks */,
				298FEF7B28A26543007F61E1 /* Resources */,
			);
			buildRules = (
			);
			dependencies = (
				298FEF7F28A26543007F61E1 /* PBXTargetDependency */,
			);
			name = preworkTests;
			productName = preworkTests;
			productReference = 298FEF7D28A26543007F61E1 /* preworkTests.xctest */;
			productType = "com.apple.product-type.bundle.unit-test";
		};
		298FEF8628A26543007F61E1 /* preworkUITests */ = {
			isa = PBXNativeTarget;
			buildConfigurationList = 298FEF9728A26543007F61E1 /* Build configuration list for PBXNativeTarget "preworkUITests" */;
			buildPhases = (
				298FEF8328A26543007F61E1 /* Sources */,
				298FEF8428A26543007F61E1 /* Frameworks */,
				298FEF8528A26543007F61E1 /* Resources */,
			);
			buildRules = (
			);
			dependencies = (
				298FEF8928A26543007F61E1 /* PBXTargetDependency */,
			);
			name = preworkUITests;
			productName = preworkUITests;
			productReference = 298FEF8728A26543007F61E1 /* preworkUITests.xctest */;
			productType = "com.apple.product-type.bundle.ui-testing";
		};
/* End PBXNativeTarget section */

/* Begin PBXProject section */
		298FEF5F28A26540007F61E1 /* Project object */ = {
			isa = PBXProject;
			attributes = {
				BuildIndependentTargetsInParallel = 1;
				LastSwiftUpdateCheck = 1320;
				LastUpgradeCheck = 1320;
				TargetAttributes = {
					298FEF6628A26540007F61E1 = {
						CreatedOnToolsVersion = 13.2.1;
					};
					298FEF7C28A26543007F61E1 = {
						CreatedOnToolsVersion = 13.2.1;
						TestTargetID = 298FEF6628A26540007F61E1;
					};
					298FEF8628A26543007F61E1 = {
						CreatedOnToolsVersion = 13.2.1;
						TestTargetID = 298FEF6628A26540007F61E1;
					};
				};
			};
			buildConfigurationList = 298FEF6228A26540007F61E1 /* Build configuration list for PBXProject "prework" */;
			compatibilityVersion = "Xcode 13.0";
			developmentRegion = en;
			hasScannedForEncodings = 0;
			knownRegions = (
				en,
				Base,
			);
			mainGroup = 298FEF5E28A26540007F61E1;
			productRefGroup = 298FEF6828A26540007F61E1 /* Products */;
			projectDirPath = "";
			projectRoot = "";
			targets = (
				298FEF6628A26540007F61E1 /* prework */,
				298FEF7C28A26543007F61E1 /* preworkTests */,
				298FEF8628A26543007F61E1 /* preworkUITests */,
			);
		};
/* End PBXProject section */

/* Begin PBXResourcesBuildPhase section */
		298FEF6528A26540007F61E1 /* Resources */ = {
			isa = PBXResourcesBuildPhase;
			buildActionMask = 2147483647;
			files = (
				298FEF7728A26542007F61E1 /* LaunchScreen.storyboard in Resources */,
				298FEF7428A26542007F61E1 /* Assets.xcassets in Resources */,
				298FEF7228A26540007F61E1 /* Main.storyboard in Resources */,
			);
			runOnlyForDeploymentPostprocessing = 0;
		};
		298FEF7B28A26543007F61E1 /* Resources */ = {
			isa = PBXResourcesBuildPhase;
			buildActionMask = 2147483647;
			files = (
			);
			runOnlyForDeploymentPostprocessing = 0;
		};
		298FEF8528A26543007F61E1 /* Resources */ = {
			isa = PBXResourcesBuildPhase;
			buildActionMask = 2147483647;
			files = (
			);
			runOnlyForDeploymentPostprocessing = 0;
		};
/* End PBXResourcesBuildPhase section */

/* Begin PBXSourcesBuildPhase section */
		298FEF6328A26540007F61E1 /* Sources */ = {
			isa = PBXSourcesBuildPhase;
			buildActionMask = 2147483647;
			files = (
				298FEF6F28A26540007F61E1 /* ViewController.swift in Sources */,
				298FEF6B28A26540007F61E1 /* AppDelegate.swift in Sources */,
				298FEF6D28A26540007F61E1 /* SceneDelegate.swift in Sources */,
			);
			runOnlyForDeploymentPostprocessing = 0;
		};
		298FEF7928A26543007F61E1 /* Sources */ = {
			isa = PBXSourcesBuildPhase;
			buildActionMask = 2147483647;
			files = (
				298FEF8228A26543007F61E1 /* preworkTests.swift in Sources */,
			);
			runOnlyForDeploymentPostprocessing = 0;
		};
		298FEF8328A26543007F61E1 /* Sources */ = {
			isa = PBXSourcesBuildPhase;
			buildActionMask = 2147483647;
			files = (
				298FEF8C28A26543007F61E1 /* preworkUITests.swift in Sources */,
				298FEF8E28A26543007F61E1 /* preworkUITestsLaunchTests.swift in Sources */,
			);
			runOnlyForDeploymentPostprocessing = 0;
		};
/* End PBXSourcesBuildPhase section */

/* Begin PBXTargetDependency section */
		298FEF7F28A26543007F61E1 /* PBXTargetDependency */ = {
			isa = PBXTargetDependency;
			target = 298FEF6628A26540007F61E1 /* prework */;
			targetProxy = 298FEF7E28A26543007F61E1 /* PBXContainerItemProxy */;
		};
		298FEF8928A26543007F61E1 /* PBXTargetDependency */ = {
			isa = PBXTargetDependency;
			target = 298FEF6628A26540007F61E1 /* prework */;
			targetProxy = 298FEF8828A26543007F61E1 /* PBXContainerItemProxy */;
		};
/* End PBXTargetDependency section */

/* Begin PBXVariantGroup section */
		298FEF7028A26540007F61E1 /* Main.storyboard */ = {
			isa = PBXVariantGroup;
			children = (
				298FEF7128A26540007F61E1 /* Base */,
			);
			name = Main.storyboard;
			sourceTree = "<group>";
		};
		298FEF7528A26542007F61E1 /* LaunchScreen.storyboard */ = {
			isa = PBXVariantGroup;
			children = (
				298FEF7628A26542007F61E1 /* Base */,
			);
			name = LaunchScreen.storyboard;
			sourceTree = "<group>";
		};
/* End PBXVariantGroup section */

/* Begin XCBuildConfiguration section */
		298FEF8F28A26543007F61E1 /* Debug */ = {
			isa = XCBuildConfiguration;
			buildSettings = {
				ALWAYS_SEARCH_USER_PATHS = NO;
				CLANG_ANALYZER_NONNULL = YES;
				CLANG_ANALYZER_NUMBER_OBJECT_CONVERSION = YES_AGGRESSIVE;
				CLANG_CXX_LANGUAGE_STANDARD = "gnu++17";
				CLANG_CXX_LIBRARY = "libc++";
				CLANG_ENABLE_MODULES = YES;
				CLANG_ENABLE_OBJC_ARC = YES;
				CLANG_ENABLE_OBJC_WEAK = YES;
				CLANG_WARN_BLOCK_CAPTURE_AUTORELEASING = YES;
				CLANG_WARN_BOOL_CONVERSION = YES;
				CLANG_WARN_COMMA = YES;
				CLANG_WARN_CONSTANT_CONVERSION = YES;
				CLANG_WARN_DEPRECATED_OBJC_IMPLEMENTATIONS = YES;
				CLANG_WARN_DIRECT_OBJC_ISA_USAGE = YES_ERROR;
				CLANG_WARN_DOCUMENTATION_COMMENTS = YES;
				CLANG_WARN_EMPTY_BODY = YES;
				CLANG_WARN_ENUM_CONVERSION = YES;
				CLANG_WARN_INFINITE_RECURSION = YES;
				CLANG_WARN_INT_CONVERSION = YES;
				CLANG_WARN_NON_LITERAL_NULL_CONVERSION = YES;
				CLANG_WARN_OBJC_IMPLICIT_RETAIN_SELF = YES;
				CLANG_WARN_OBJC_LITERAL_CONVERSION = YES;
				CLANG_WARN_OBJC_ROOT_CLASS = YES_ERROR;
				CLANG_WARN_QUOTED_INCLUDE_IN_FRAMEWORK_HEADER = YES;
				CLANG_WARN_RANGE_LOOP_ANALYSIS = YES;
				CLANG_WARN_STRICT_PROTOTYPES = YES;
				CLANG_WARN_SUSPICIOUS_MOVE = YES;
				CLANG_WARN_UNGUARDED_AVAILABILITY = YES_AGGRESSIVE;
				CLANG_WARN_UNREACHABLE_CODE = YES;
				CLANG_WARN__DUPLICATE_METHOD_MATCH = YES;
				COPY_PHASE_STRIP = NO;
				DEBUG_INFORMATION_FORMAT = dwarf;
				ENABLE_STRICT_OBJC_MSGSEND = YES;
				ENABLE_TESTABILITY = YES;
				GCC_C_LANGUAGE_STANDARD = gnu11;
				GCC_DYNAMIC_NO_PIC = NO;
				GCC_NO_COMMON_BLOCKS = YES;
				GCC_OPTIMIZATION_LEVEL = 0;
				GCC_PREPROCESSOR_DEFINITIONS = (
					"DEBUG=1",
					"$(inherited)",
				);
				GCC_WARN_64_TO_32_BIT_CONVERSION = YES;
				GCC_WARN_ABOUT_RETURN_TYPE = YES_ERROR;
				GCC_WARN_UNDECLARED_SELECTOR = YES;
				GCC_WARN_UNINITIALIZED_AUTOS = YES_AGGRESSIVE;
				GCC_WARN_UNUSED_FUNCTION = YES;
				GCC_WARN_UNUSED_VARIABLE = YES;
				IPHONEOS_DEPLOYMENT_TARGET = 15.2;
				MTL_ENABLE_DEBUG_INFO = INCLUDE_SOURCE;
				MTL_FAST_MATH = YES;
				ONLY_ACTIVE_ARCH = YES;
				SDKROOT = iphoneos;
				SWIFT_ACTIVE_COMPILATION_CONDITIONS = DEBUG;
				SWIFT_OPTIMIZATION_LEVEL = "-Onone";
			};
			name = Debug;
		};
		298FEF9028A26543007F61E1 /* Release */ = {
			isa = XCBuildConfiguration;
			buildSettings = {
				ALWAYS_SEARCH_USER_PATHS = NO;
				CLANG_ANALYZER_NONNULL = YES;
				CLANG_ANALYZER_NUMBER_OBJECT_CONVERSION = YES_AGGRESSIVE;
				CLANG_CXX_LANGUAGE_STANDARD = "gnu++17";
				CLANG_CXX_LIBRARY = "libc++";
				CLANG_ENABLE_MODULES = YES;
				CLANG_ENABLE_OBJC_ARC = YES;
				CLANG_ENABLE_OBJC_WEAK = YES;
				CLANG_WARN_BLOCK_CAPTURE_AUTORELEASING = YES;
				CLANG_WARN_BOOL_CONVERSION = YES;
				CLANG_WARN_COMMA = YES;
				CLANG_WARN_CONSTANT_CONVERSION = YES;
				CLANG_WARN_DEPRECATED_OBJC_IMPLEMENTATIONS = YES;
				CLANG_WARN_DIRECT_OBJC_ISA_USAGE = YES_ERROR;
				CLANG_WARN_DOCUMENTATION_COMMENTS = YES;
				CLANG_WARN_EMPTY_BODY = YES;
				CLANG_WARN_ENUM_CONVERSION = YES;
				CLANG_WARN_INFINITE_RECURSION = YES;
				CLANG_WARN_INT_CONVERSION = YES;
				CLANG_WARN_NON_LITERAL_NULL_CONVERSION = YES;
				CLANG_WARN_OBJC_IMPLICIT_RETAIN_SELF = YES;
				CLANG_WARN_OBJC_LITERAL_CONVERSION = YES;
				CLANG_WARN_OBJC_ROOT_CLASS = YES_ERROR;
				CLANG_WARN_QUOTED_INCLUDE_IN_FRAMEWORK_HEADER = YES;
				CLANG_WARN_RANGE_LOOP_ANALYSIS = YES;
				CLANG_WARN_STRICT_PROTOTYPES = YES;
				CLANG_WARN_SUSPICIOUS_MOVE = YES;
				CLANG_WARN_UNGUARDED_AVAILABILITY = YES_AGGRESSIVE;
				CLANG_WARN_UNREACHABLE_CODE = YES;
				CLANG_WARN__DUPLICATE_METHOD_MATCH = YES;
				COPY_PHASE_STRIP = NO;
				DEBUG_INFORMATION_FORMAT = "dwarf-with-dsym";
				ENABLE_NS_ASSERTIONS = NO;
				ENABLE_STRICT_OBJC_MSGSEND = YES;
				GCC_C_LANGUAGE_STANDARD = gnu11;
				GCC_NO_COMMON_BLOCKS = YES;
				GCC_WARN_64_TO_32_BIT_CONVERSION = YES;
				GCC_WARN_ABOUT_RETURN_TYPE = YES_ERROR;
				GCC_WARN_UNDECLARED_SELECTOR = YES;
				GCC_WARN_UNINITIALIZED_AUTOS = YES_AGGRESSIVE;
				GCC_WARN_UNUSED_FUNCTION = YES;
				GCC_WARN_UNUSED_VARIABLE = YES;
				IPHONEOS_DEPLOYMENT_TARGET = 15.2;
				MTL_ENABLE_DEBUG_INFO = NO;
				MTL_FAST_MATH = YES;
				SDKROOT = iphoneos;
				SWIFT_COMPILATION_MODE = wholemodule;
				SWIFT_OPTIMIZATION_LEVEL = "-O";
				VALIDATE_PRODUCT = YES;
			};
			name = Release;
		};
		298FEF9228A26543007F61E1 /* Debug */ = {
			isa = XCBuildConfiguration;
			buildSettings = {
				ASSETCATALOG_COMPILER_APPICON_NAME = AppIcon;
				ASSETCATALOG_COMPILER_GLOBAL_ACCENT_COLOR_NAME = AccentColor;
				CODE_SIGN_STYLE = Automatic;
				CURRENT_PROJECT_VERSION = 1;
				GENERATE_INFOPLIST_FILE = YES;
				INFOPLIST_FILE = prework/Info.plist;
				INFOPLIST_KEY_UIApplicationSupportsIndirectInputEvents = YES;
				INFOPLIST_KEY_UILaunchStoryboardName = LaunchScreen;
				INFOPLIST_KEY_UIMainStoryboardFile = Main;
				INFOPLIST_KEY_UISupportedInterfaceOrientations_iPad = "UIInterfaceOrientationPortrait UIInterfaceOrientationPortraitUpsideDown UIInterfaceOrientationLandscapeLeft UIInterfaceOrientationLandscapeRight";
				INFOPLIST_KEY_UISupportedInterfaceOrientations_iPhone = "UIInterfaceOrientationPortrait UIInterfaceOrientationLandscapeLeft UIInterfaceOrientationLandscapeRight";
				LD_RUNPATH_SEARCH_PATHS = (
					"$(inherited)",
					"@executable_path/Frameworks",
				);
				MARKETING_VERSION = 1.0;
				PRODUCT_BUNDLE_IDENTIFIER = codePath.prework;
				PRODUCT_NAME = "$(TARGET_NAME)";
				SWIFT_EMIT_LOC_STRINGS = YES;
				SWIFT_VERSION = 5.0;
				TARGETED_DEVICE_FAMILY = "1,2";
			};
			name = Debug;
		};
		298FEF9328A26543007F61E1 /* Release */ = {
			isa = XCBuildConfiguration;
			buildSettings = {
				ASSETCATALOG_COMPILER_APPICON_NAME = AppIcon;
				ASSETCATALOG_COMPILER_GLOBAL_ACCENT_COLOR_NAME = AccentColor;
				CODE_SIGN_STYLE = Automatic;
				CURRENT_PROJECT_VERSION = 1;
				GENERATE_INFOPLIST_FILE = YES;
				INFOPLIST_FILE = prework/Info.plist;
				INFOPLIST_KEY_UIApplicationSupportsIndirectInputEvents = YES;
				INFOPLIST_KEY_UILaunchStoryboardName = LaunchScreen;
				INFOPLIST_KEY_UIMainStoryboardFile = Main;
				INFOPLIST_KEY_UISupportedInterfaceOrientations_iPad = "UIInterfaceOrientationPortrait UIInterfaceOrientationPortraitUpsideDown UIInterfaceOrientationLandscapeLeft UIInterfaceOrientationLandscapeRight";
				INFOPLIST_KEY_UISupportedInterfaceOrientations_iPhone = "UIInterfaceOrientationPortrait UIInterfaceOrientationLandscapeLeft UIInterfaceOrientationLandscapeRight";
				LD_RUNPATH_SEARCH_PATHS = (
					"$(inherited)",
					"@executable_path/Frameworks",
				);
				MARKETING_VERSION = 1.0;
				PRODUCT_BUNDLE_IDENTIFIER = codePath.prework;
				PRODUCT_NAME = "$(TARGET_NAME)";
				SWIFT_EMIT_LOC_STRINGS = YES;
				SWIFT_VERSION = 5.0;
				TARGETED_DEVICE_FAMILY = "1,2";
			};
			name = Release;
		};
		298FEF9528A26543007F61E1 /* Debug */ = {
			isa = XCBuildConfiguration;
			buildSettings = {
				ALWAYS_EMBED_SWIFT_STANDARD_LIBRARIES = YES;
				BUNDLE_LOADER = "$(TEST_HOST)";
				CODE_SIGN_STYLE = Automatic;
				CURRENT_PROJECT_VERSION = 1;
				GENERATE_INFOPLIST_FILE = YES;
				IPHONEOS_DEPLOYMENT_TARGET = 15.2;
				MARKETING_VERSION = 1.0;
				PRODUCT_BUNDLE_IDENTIFIER = codePath.preworkTests;
				PRODUCT_NAME = "$(TARGET_NAME)";
				SWIFT_EMIT_LOC_STRINGS = NO;
				SWIFT_VERSION = 5.0;
				TARGETED_DEVICE_FAMILY = "1,2";
				TEST_HOST = "$(BUILT_PRODUCTS_DIR)/prework.app/prework";
			};
			name = Debug;
		};
		298FEF9628A26543007F61E1 /* Release */ = {
			isa = XCBuildConfiguration;
			buildSettings = {
				ALWAYS_EMBED_SWIFT_STANDARD_LIBRARIES = YES;
				BUNDLE_LOADER = "$(TEST_HOST)";
				CODE_SIGN_STYLE = Automatic;
				CURRENT_PROJECT_VERSION = 1;
				GENERATE_INFOPLIST_FILE = YES;
				IPHONEOS_DEPLOYMENT_TARGET = 15.2;
				MARKETING_VERSION = 1.0;
				PRODUCT_BUNDLE_IDENTIFIER = codePath.preworkTests;
				PRODUCT_NAME = "$(TARGET_NAME)";
				SWIFT_EMIT_LOC_STRINGS = NO;
				SWIFT_VERSION = 5.0;
				TARGETED_DEVICE_FAMILY = "1,2";
				TEST_HOST = "$(BUILT_PRODUCTS_DIR)/prework.app/prework";
			};
			name = Release;
		};
		298FEF9828A26543007F61E1 /* Debug */ = {
			isa = XCBuildConfiguration;
			buildSettings = {
				ALWAYS_EMBED_SWIFT_STANDARD_LIBRARIES = YES;
				CODE_SIGN_STYLE = Automatic;
				CURRENT_PROJECT_VERSION = 1;
				GENERATE_INFOPLIST_FILE = YES;
				MARKETING_VERSION = 1.0;
				PRODUCT_BUNDLE_IDENTIFIER = codePath.preworkUITests;
				PRODUCT_NAME = "$(TARGET_NAME)";
				SWIFT_EMIT_LOC_STRINGS = NO;
				SWIFT_VERSION = 5.0;
				TARGETED_DEVICE_FAMILY = "1,2";
				TEST_TARGET_NAME = prework;
			};
			name = Debug;
		};
		298FEF9928A26543007F61E1 /* Release */ = {
			isa = XCBuildConfiguration;
			buildSettings = {
				ALWAYS_EMBED_SWIFT_STANDARD_LIBRARIES = YES;
				CODE_SIGN_STYLE = Automatic;
				CURRENT_PROJECT_VERSION = 1;
				GENERATE_INFOPLIST_FILE = YES;
				MARKETING_VERSION = 1.0;
				PRODUCT_BUNDLE_IDENTIFIER = codePath.preworkUITests;
				PRODUCT_NAME = "$(TARGET_NAME)";
				SWIFT_EMIT_LOC_STRINGS = NO;
				SWIFT_VERSION = 5.0;
				TARGETED_DEVICE_FAMILY = "1,2";
				TEST_TARGET_NAME = prework;
			};
			name = Release;
		};
/* End XCBuildConfiguration section */

/* Begin XCConfigurationList section */
		298FEF6228A26540007F61E1 /* Build configuration list for PBXProject "prework" */ = {
			isa = XCConfigurationList;
			buildConfigurations = (
				298FEF8F28A26543007F61E1 /* Debug */,
				298FEF9028A26543007F61E1 /* Release */,
			);
			defaultConfigurationIsVisible = 0;
			defaultConfigurationName = Release;
		};
		298FEF9128A26543007F61E1 /* Build configuration list for PBXNativeTarget "prework" */ = {
			isa = XCConfigurationList;
			buildConfigurations = (
				298FEF9228A26543007F61E1 /* Debug */,
				298FEF9328A26543007F61E1 /* Release */,
			);
			defaultConfigurationIsVisible = 0;
			defaultConfigurationName = Release;
		};
		298FEF9428A26543007F61E1 /* Build configuration list for PBXNativeTarget "preworkTests" */ = {
			isa = XCConfigurationList;
			buildConfigurations = (
				298FEF9528A26543007F61E1 /* Debug */,
				298FEF9628A26543007F61E1 /* Release */,
			);
			defaultConfigurationIsVisible = 0;
			defaultConfigurationName = Release;
		};
		298FEF9728A26543007F61E1 /* Build configuration list for PBXNativeTarget "preworkUITests" */ = {
			isa = XCConfigurationList;
			buildConfigurations = (
				298FEF9828A26543007F61E1 /* Debug */,
				298FEF9928A26543007F61E1 /* Release */,
			);
			defaultConfigurationIsVisible = 0;
			defaultConfigurationName = Release;
		};
/* End XCConfigurationList section */
	};
	rootObject = 298FEF5F28A26540007F61E1 /* Project object */;
}
